// !$*UTF8*$!
{
	archiveVersion = 1;
	classes = {
	};
	objectVersion = 46;
	objects = {

/* Begin PBXBuildFile section */
		672CFF3F1F4570A300C35415 /* AppDelegate.swift in Sources */ = {isa = PBXBuildFile; fileRef = 672CFF3E1F4570A300C35415 /* AppDelegate.swift */; };
		672CFF411F4570A300C35415 /* ViewController.swift in Sources */ = {isa = PBXBuildFile; fileRef = 672CFF401F4570A300C35415 /* ViewController.swift */; };
		672CFF441F4570A300C35415 /* Main.storyboard in Resources */ = {isa = PBXBuildFile; fileRef = 672CFF421F4570A300C35415 /* Main.storyboard */; };
		672CFF461F4570A300C35415 /* Assets.xcassets in Resources */ = {isa = PBXBuildFile; fileRef = 672CFF451F4570A300C35415 /* Assets.xcassets */; };
		672CFF491F4570A300C35415 /* LaunchScreen.storyboard in Resources */ = {isa = PBXBuildFile; fileRef = 672CFF471F4570A300C35415 /* LaunchScreen.storyboard */; };
		7984DB01403BF5C05AFB715B /* Pods_learngit.framework in Frameworks */ = {isa = PBXBuildFile; fileRef = 3EC86D379FE6559A184C43E4 /* Pods_learngit.framework */; };
/* End PBXBuildFile section */

/* Begin PBXFileReference section */
		3EC86D379FE6559A184C43E4 /* Pods_learngit.framework */ = {isa = PBXFileReference; explicitFileType = wrapper.framework; includeInIndex = 0; path = Pods_learngit.framework; sourceTree = BUILT_PRODUCTS_DIR; };
		672CFF3B1F4570A200C35415 /* learngit.app */ = {isa = PBXFileReference; explicitFileType = wrapper.application; includeInIndex = 0; path = learngit.app; sourceTree = BUILT_PRODUCTS_DIR; };
		672CFF3E1F4570A300C35415 /* AppDelegate.swift */ = {isa = PBXFileReference; lastKnownFileType = sourcecode.swift; path = AppDelegate.swift; sourceTree = "<group>"; };
		672CFF401F4570A300C35415 /* ViewController.swift */ = {isa = PBXFileReference; lastKnownFileType = sourcecode.swift; path = ViewController.swift; sourceTree = "<group>"; };
		672CFF431F4570A300C35415 /* Base */ = {isa = PBXFileReference; lastKnownFileType = file.storyboard; name = Base; path = Base.lproj/Main.storyboard; sourceTree = "<group>"; };
		672CFF451F4570A300C35415 /* Assets.xcassets */ = {isa = PBXFileReference; lastKnownFileType = folder.assetcatalog; path = Assets.xcassets; sourceTree = "<group>"; };
		672CFF481F4570A300C35415 /* Base */ = {isa = PBXFileReference; lastKnownFileType = file.storyboard; name = Base; path = Base.lproj/LaunchScreen.storyboard; sourceTree = "<group>"; };
		672CFF4A1F4570A300C35415 /* Info.plist */ = {isa = PBXFileReference; lastKnownFileType = text.plist.xml; path = Info.plist; sourceTree = "<group>"; };
		A5009289DD4508841954E322 /* Pods-learngit.release.xcconfig */ = {isa = PBXFileReference; includeInIndex = 1; lastKnownFileType = text.xcconfig; name = "Pods-learngit.release.xcconfig"; path = "Pods/Target Support Files/Pods-learngit/Pods-learngit.release.xcconfig"; sourceTree = "<group>"; };
		EF38D1FFD7CB835FD40BCF59 /* Pods-learngit.debug.xcconfig */ = {isa = PBXFileReference; includeInIndex = 1; lastKnownFileType = text.xcconfig; name = "Pods-learngit.debug.xcconfig"; path = "Pods/Target Support Files/Pods-learngit/Pods-learngit.debug.xcconfig"; sourceTree = "<group>"; };
/* End PBXFileReference section */

/* Begin PBXFrameworksBuildPhase section */
		672CFF381F4570A200C35415 /* Frameworks */ = {
			isa = PBXFrameworksBuildPhase;
			buildActionMask = 2147483647;
			files = (
				7984DB01403BF5C05AFB715B /* Pods_learngit.framework in Frameworks */,
			);
			runOnlyForDeploymentPostprocessing = 0;
		};
/* End PBXFrameworksBuildPhase section */

/* Begin PBXGroup section */
		672CFF321F4570A200C35415 = {
			isa = PBXGroup;
			children = (
				672CFF3D1F4570A200C35415 /* learngit */,
				672CFF3C1F4570A200C35415 /* Products */,
				8823E980C2F4AE0784557016 /* Pods */,
				BAF5BE8278FAF2F0EF4C0985 /* Frameworks */,
			);
			sourceTree = "<group>";
		};
		672CFF3C1F4570A200C35415 /* Products */ = {
			isa = PBXGroup;
			children = (
				672CFF3B1F4570A200C35415 /* learngit.app */,
			);
			name = Products;
			sourceTree = "<group>";
		};
		672CFF3D1F4570A200C35415 /* learngit */ = {
			isa = PBXGroup;
			children = (
				672CFF3E1F4570A300C35415 /* AppDelegate.swift */,
				672CFF401F4570A300C35415 /* ViewController.swift */,
				672CFF421F4570A300C35415 /* Main.storyboard */,
				672CFF451F4570A300C35415 /* Assets.xcassets */,
				672CFF471F4570A300C35415 /* LaunchScreen.storyboard */,
				672CFF4A1F4570A300C35415 /* Info.plist */,
			);
			path = learngit;
			sourceTree = "<group>";
		};
		8823E980C2F4AE0784557016 /* Pods */ = {
			isa = PBXGroup;
			children = (
				EF38D1FFD7CB835FD40BCF59 /* Pods-learngit.debug.xcconfig */,
				A5009289DD4508841954E322 /* Pods-learngit.release.xcconfig */,
			);
			name = Pods;
			sourceTree = "<group>";
		};
		BAF5BE8278FAF2F0EF4C0985 /* Frameworks */ = {
			isa = PBXGroup;
			children = (
				3EC86D379FE6559A184C43E4 /* Pods_learngit.framework */,
			);
			name = Frameworks;
			sourceTree = "<group>";
		};
/* End PBXGroup section */

/* Begin PBXNativeTarget section */
		672CFF3A1F4570A200C35415 /* learngit */ = {
			isa = PBXNativeTarget;
			buildConfigurationList = 672CFF4D1F4570A300C35415 /* Build configuration list for PBXNativeTarget "learngit" */;
			buildPhases = (
				04039A51848EF427D2D5114C /* [CP] Check Pods Manifest.lock */,
				672CFF371F4570A200C35415 /* Sources */,
				672CFF381F4570A200C35415 /* Frameworks */,
				672CFF391F4570A200C35415 /* Resources */,
				EBE4AFAD20F1913452F77382 /* [CP] Embed Pods Frameworks */,
				E42B0BD40D871288A47EF5D3 /* [CP] Copy Pods Resources */,
			);
			buildRules = (
			);
			dependencies = (
			);
			name = learngit;
			productName = learngit;
			productReference = 672CFF3B1F4570A200C35415 /* learngit.app */;
			productType = "com.apple.product-type.application";
		};
/* End PBXNativeTarget section */

/* Begin PBXProject section */
		672CFF331F4570A200C35415 /* Project object */ = {
			isa = PBXProject;
			attributes = {
				LastSwiftUpdateCheck = 0830;
				LastUpgradeCheck = 0830;
				ORGANIZATIONNAME = Winapp;
				TargetAttributes = {
					672CFF3A1F4570A200C35415 = {
						CreatedOnToolsVersion = 8.3.3;
						DevelopmentTeam = KJMN85294R;
						ProvisioningStyle = Automatic;
					};
				};
			};
			buildConfigurationList = 672CFF361F4570A200C35415 /* Build configuration list for PBXProject "learngit" */;
			compatibilityVersion = "Xcode 3.2";
			developmentRegion = English;
			hasScannedForEncodings = 0;
			knownRegions = (
				en,
				Base,
			);
			mainGroup = 672CFF321F4570A200C35415;
			productRefGroup = 672CFF3C1F4570A200C35415 /* Products */;
			projectDirPath = "";
			projectRoot = "";
			targets = (
				672CFF3A1F4570A200C35415 /* learngit */,
			);
		};
/* End PBXProject section */

/* Begin PBXResourcesBuildPhase section */
		672CFF391F4570A200C35415 /* Resources */ = {
			isa = PBXResourcesBuildPhase;
			buildActionMask = 2147483647;
			files = (
				672CFF491F4570A300C35415 /* LaunchScreen.storyboard in Resources */,
				672CFF461F4570A300C35415 /* Assets.xcassets in Resources */,
				672CFF441F4570A300C35415 /* Main.storyboard in Resources */,
			);
			runOnlyForDeploymentPostprocessing = 0;
		};
/* End PBXResourcesBuildPhase section */

/* Begin PBXShellScriptBuildPhase section */
		04039A51848EF427D2D5114C /* [CP] Check Pods Manifest.lock */ = {
			isa = PBXShellScriptBuildPhase;
			buildActionMask = 2147483647;
			files = (
			);
			inputPaths = (
				"${PODS_PODFILE_DIR_PATH}/Podfile.lock",
				"${PODS_ROOT}/Manifest.lock",
			);
			name = "[CP] Check Pods Manifest.lock";
			outputPaths = (
				"$(DERIVED_FILE_DIR)/Pods-learngit-checkManifestLockResult.txt",
			);
			runOnlyForDeploymentPostprocessing = 0;
			shellPath = /bin/sh;
			shellScript = "diff \"${PODS_PODFILE_DIR_PATH}/Podfile.lock\" \"${PODS_ROOT}/Manifest.lock\" > /dev/null\nif [ $? != 0 ] ; then\n    # print error to STDERR\n    echo \"error: The sandbox is not in sync with the Podfile.lock. Run 'pod install' or update your CocoaPods installation.\" >&2\n    exit 1\nfi\n# This output is used by Xcode 'outputs' to avoid re-running this script phase.\necho \"SUCCESS\" > \"${SCRIPT_OUTPUT_FILE_0}\"\n";
			showEnvVarsInLog = 0;
		};
		E42B0BD40D871288A47EF5D3 /* [CP] Copy Pods Resources */ = {
			isa = PBXShellScriptBuildPhase;
			buildActionMask = 2147483647;
			files = (
			);
			inputPaths = (
			);
			name = "[CP] Copy Pods Resources";
			outputPaths = (
			);
			runOnlyForDeploymentPostprocessing = 0;
			shellPath = /bin/sh;
			shellScript = "\"${SRCROOT}/Pods/Target Support Files/Pods-learngit/Pods-learngit-resources.sh\"\n";
			showEnvVarsInLog = 0;
		};
		EBE4AFAD20F1913452F77382 /* [CP] Embed Pods Frameworks */ = {
			isa = PBXShellScriptBuildPhase;
			buildActionMask = 2147483647;
			files = (
			);
			inputPaths = (
				"${SRCROOT}/Pods/Target Support Files/Pods-learngit/Pods-learngit-frameworks.sh",
				"${BUILT_PRODUCTS_DIR}/SnapKit/SnapKit.framework",
			);
			name = "[CP] Embed Pods Frameworks";
			outputPaths = (
				"${TARGET_BUILD_DIR}/${FRAMEWORKS_FOLDER_PATH}/SnapKit.framework",
			);
			runOnlyForDeploymentPostprocessing = 0;
			shellPath = /bin/sh;
			shellScript = "\"${SRCROOT}/Pods/Target Support Files/Pods-learngit/Pods-learngit-frameworks.sh\"\n";
			showEnvVarsInLog = 0;
		};
/* End PBXShellScriptBuildPhase section */

/* Begin PBXSourcesBuildPhase section */
		672CFF371F4570A200C35415 /* Sources */ = {
			isa = PBXSourcesBuildPhase;
			buildActionMask = 2147483647;
			files = (
				672CFF411F4570A300C35415 /* ViewController.swift in Sources */,
				672CFF3F1F4570A300C35415 /* AppDelegate.swift in Sources */,
			);
			runOnlyForDeploymentPostprocessing = 0;
		};
/* End PBXSourcesBuildPhase section */

/* Begin PBXVariantGroup section */
		672CFF421F4570A300C35415 /* Main.storyboard */ = {
			isa = PBXVariantGroup;
			children = (
				672CFF431F4570A300C35415 /* Base */,
			);
			name = Main.storyboard;
			sourceTree = "<group>";
		};
		672CFF471F4570A300C35415 /* LaunchScreen.storyboard */ = {
			isa = PBXVariantGroup;
			children = (
				672CFF481F4570A300C35415 /* Base */,
			);
			name = LaunchScreen.storyboard;
			sourceTree = "<group>";
		};
/* End PBXVariantGroup section */

/* Begin XCBuildConfiguration section */
		672CFF4B1F4570A300C35415 /* Debug */ = {
			isa = XCBuildConfiguration;
			buildSettings = {
				ALWAYS_SEARCH_USER_PATHS = NO;
				CLANG_ANALYZER_NONNULL = YES;
				CLANG_ANALYZER_NUMBER_OBJECT_CONVERSION = YES_AGGRESSIVE;
				CLANG_CXX_LANGUAGE_STANDARD = "gnu++0x";
				CLANG_CXX_LIBRARY = "libc++";
				CLANG_ENABLE_MODULES = YES;
				CLANG_ENABLE_OBJC_ARC = YES;
				CLANG_WARN_BOOL_CONVERSION = YES;
				CLANG_WARN_CONSTANT_CONVERSION = YES;
				CLANG_WARN_DIRECT_OBJC_ISA_USAGE = YES_ERROR;
				CLANG_WARN_DOCUMENTATION_COMMENTS = YES;
				CLANG_WARN_EMPTY_BODY = YES;
				CLANG_WARN_ENUM_CONVERSION = YES;
				CLANG_WARN_INFINITE_RECURSION = YES;
				CLANG_WARN_INT_CONVERSION = YES;
				CLANG_WARN_OBJC_ROOT_CLASS = YES_ERROR;
				CLANG_WARN_SUSPICIOUS_MOVE = YES;
				CLANG_WARN_UNREACHABLE_CODE = YES;
				CLANG_WARN__DUPLICATE_METHOD_MATCH = YES;
				"CODE_SIGN_IDENTITY[sdk=iphoneos*]" = "iPhone Developer";
				COPY_PHASE_STRIP = NO;
				DEBUG_INFORMATION_FORMAT = dwarf;
				ENABLE_STRICT_OBJC_MSGSEND = YES;
				ENABLE_TESTABILITY = YES;
				GCC_C_LANGUAGE_STANDARD = gnu99;
				GCC_DYNAMIC_NO_PIC = NO;
				GCC_NO_COMMON_BLOCKS = YES;
				GCC_OPTIMIZATION_LEVEL = 0;
				GCC_PREPROCESSOR_DEFINITIONS = (
					"DEBUG=1",
					"$(inherited)",
				);
				GCC_WARN_64_TO_32_BIT_CONVERSION = YES;
				GCC_WARN_ABOUT_RETURN_TYPE = YES_ERROR;
				GCC_WARN_UNDECLARED_SELECTOR = YES;
				GCC_WARN_UNINITIALIZED_AUTOS = YES_AGGRESSIVE;
				GCC_WARN_UNUSED_FUNCTION = YES;
				GCC_WARN_UNUSED_VARIABLE = YES;
				IPHONEOS_DEPLOYMENT_TARGET = 10.3;
				MTL_ENABLE_DEBUG_INFO = YES;
				ONLY_ACTIVE_ARCH = YES;
				SDKROOT = iphoneos;
				SWIFT_ACTIVE_COMPILATION_CONDITIONS = DEBUG;
				SWIFT_OPTIMIZATION_LEVEL = "-Onone";
			};
			name = Debug;
		};
		672CFF4C1F4570A300C35415 /* Release */ = {
			isa = XCBuildConfiguration;
			buildSettings = {
				ALWAYS_SEARCH_USER_PATHS = NO;
				CLANG_ANALYZER_NONNULL = YES;
				CLANG_ANALYZER_NUMBER_OBJECT_CONVERSION = YES_AGGRESSIVE;
				CLANG_CXX_LANGUAGE_STANDARD = "gnu++0x";
				CLANG_CXX_LIBRARY = "libc++";
				CLANG_ENABLE_MODULES = YES;
				CLANG_ENABLE_OBJC_ARC = YES;
				CLANG_WARN_BOOL_CONVERSION = YES;
				CLANG_WARN_CONSTANT_CONVERSION = YES;
				CLANG_WARN_DIRECT_OBJC_ISA_USAGE = YES_ERROR;
				CLANG_WARN_DOCUMENTATION_COMMENTS = YES;
				CLANG_WARN_EMPTY_BODY = YES;
				CLANG_WARN_ENUM_CONVERSION = YES;
				CLANG_WARN_INFINITE_RECURSION = YES;
				CLANG_WARN_INT_CONVERSION = YES;
				CLANG_WARN_OBJC_ROOT_CLASS = YES_ERROR;
				CLANG_WARN_SUSPICIOUS_MOVE = YES;
				CLANG_WARN_UNREACHABLE_CODE = YES;
				CLANG_WARN__DUPLICATE_METHOD_MATCH = YES;
				"CODE_SIGN_IDENTITY[sdk=iphoneos*]" = "iPhone Developer";
				COPY_PHASE_STRIP = NO;
				DEBUG_INFORMATION_FORMAT = "dwarf-with-dsym";
				ENABLE_NS_ASSERTIONS = NO;
				ENABLE_STRICT_OBJC_MSGSEND = YES;
				GCC_C_LANGUAGE_STANDARD = gnu99;
				GCC_NO_COMMON_BLOCKS = YES;
				GCC_WARN_64_TO_32_BIT_CONVERSION = YES;
				GCC_WARN_ABOUT_RETURN_TYPE = YES_ERROR;
				GCC_WARN_UNDECLARED_SELECTOR = YES;
				GCC_WARN_UNINITIALIZED_AUTOS = YES_AGGRESSIVE;
				GCC_WARN_UNUSED_FUNCTION = YES;
				GCC_WARN_UNUSED_VARIABLE = YES;
				IPHONEOS_DEPLOYMENT_TARGET = 10.3;
				MTL_ENABLE_DEBUG_INFO = NO;
				SDKROOT = iphoneos;
				SWIFT_OPTIMIZATION_LEVEL = "-Owholemodule";
				VALIDATE_PRODUCT = YES;
			};
			name = Release;
		};
		672CFF4E1F4570A300C35415 /* Debug */ = {
			isa = XCBuildConfiguration;
			baseConfigurationReference = EF38D1FFD7CB835FD40BCF59 /* Pods-learngit.debug.xcconfig */;
			buildSettings = {
				ASSETCATALOG_COMPILER_APPICON_NAME = AppIcon;
				DEVELOPMENT_TEAM = KJMN85294R;
				INFOPLIST_FILE = learngit/Info.plist;
				LD_RUNPATH_SEARCH_PATHS = "$(inherited) @executable_path/Frameworks";
				PRODUCT_BUNDLE_IDENTIFIER = ios.com.learngit;
				PRODUCT_NAME = "$(TARGET_NAME)";
				SWIFT_VERSION = 3.0;
			};
			name = Debug;
		};
		672CFF4F1F4570A300C35415 /* Release */ = {
			isa = XCBuildConfiguration;
			baseConfigurationReference = A5009289DD4508841954E322 /* Pods-learngit.release.xcconfig */;
			buildSettings = {
				ASSETCATALOG_COMPILER_APPICON_NAME = AppIcon;
				DEVELOPMENT_TEAM = KJMN85294R;
				INFOPLIST_FILE = learngit/Info.plist;
				LD_RUNPATH_SEARCH_PATHS = "$(inherited) @executable_path/Frameworks";
				PRODUCT_BUNDLE_IDENTIFIER = ios.com.learngit;
				PRODUCT_NAME = "$(TARGET_NAME)";
				SWIFT_VERSION = 3.0;
			};
			name = Release;
		};
/* End XCBuildConfiguration section */

/* Begin XCConfigurationList section */
		672CFF361F4570A200C35415 /* Build configuration list for PBXProject "learngit" */ = {
			isa = XCConfigurationList;
			buildConfigurations = (
				672CFF4B1F4570A300C35415 /* Debug */,
				672CFF4C1F4570A300C35415 /* Release */,
			);
			defaultConfigurationIsVisible = 0;
			defaultConfigurationName = Release;
		};
		672CFF4D1F4570A300C35415 /* Build configuration list for PBXNativeTarget "learngit" */ = {
			isa = XCConfigurationList;
			buildConfigurations = (
				672CFF4E1F4570A300C35415 /* Debug */,
				672CFF4F1F4570A300C35415 /* Release */,
			);
			defaultConfigurationIsVisible = 0;
		};
/* End XCConfigurationList section */
	};
	rootObject = 672CFF331F4570A200C35415 /* Project object */;
}
